
Microsoft Visual Studio Solution File, Format Version 12.00
# Visual Studio Version 16
VisualStudioVersion = 16.0.30320.27
MinimumVisualStudioVersion = 10.0.40219.1
Project("{9A19103F-16F7-4668-BE54-9A1E7A4F7556}") = "CRUD.API", "CRUD_xUnit\CRUD.API.csproj", "{6A068D91-E6FC-4BE4-AD2F-AE965A6207DC}"
EndProject
Project("{9A19103F-16F7-4668-BE54-9A1E7A4F7556}") = "CRUD.API_xUnit", "CRUD_API_xUnit\CRUD.API_xUnit.csproj", "{FBCFB2D8-F84F-400B-8EA5-6A547EE44DBD}"
EndProject
Project("{FAE04EC0-301F-11D3-BF4B-00C04F79EFBC}") = "CRUD.BusinessObjects", "CRUD_BusinessObjects\CRUD.BusinessObjects.csproj", "{489F5017-F122-44BB-BDA7-BD681C707BFF}"
EndProject
Project("{FAE04EC0-301F-11D3-BF4B-00C04F79EFBC}") = "CRUD.API.Domain", "CRUD.API.Domain\CRUD.API.Domain.csproj", "{7EB67299-360F-4FB7-B635-5E5A5643D7B6}"
EndProject
Project("{FAE04EC0-301F-11D3-BF4B-00C04F79EFBC}") = "CRUD.API.EFRepositories", "CRUD.API.EFRepositories\CRUD.API.EFRepositories.csproj", "{193478E0-4490-4B03-A46B-258EC5563789}"
EndProject
Project("{FAE04EC0-301F-11D3-BF4B-00C04F79EFBC}") = "CRUD.API.Repositories", "CRUD.API.Repositories\CRUD.API.Repositories.csproj", "{4A20B22D-BD28-4F9C-BA88-1951DBA7C206}"
EndProject
Global
	GlobalSection(SolutionConfigurationPlatforms) = preSolution
		Debug|Any CPU = Debug|Any CPU
		Release|Any CPU = Release|Any CPU
	EndGlobalSection
	GlobalSection(ProjectConfigurationPlatforms) = postSolution
		{6A068D91-E6FC-4BE4-AD2F-AE965A6207DC}.Debug|Any CPU.ActiveCfg = Debug|Any CPU
		{6A068D91-E6FC-4BE4-AD2F-AE965A6207DC}.Debug|Any CPU.Build.0 = Debug|Any CPU
		{6A068D91-E6FC-4BE4-AD2F-AE965A6207DC}.Release|Any CPU.ActiveCfg = Release|Any CPU
		{6A068D91-E6FC-4BE4-AD2F-AE965A6207DC}.Release|Any CPU.Build.0 = Release|Any CPU
		{FBCFB2D8-F84F-400B-8EA5-6A547EE44DBD}.Debug|Any CPU.ActiveCfg = Debug|Any CPU
		{FBCFB2D8-F84F-400B-8EA5-6A547EE44DBD}.Debug|Any CPU.Build.0 = Debug|Any CPU
		{FBCFB2D8-F84F-400B-8EA5-6A547EE44DBD}.Release|Any CPU.ActiveCfg = Release|Any CPU
		{FBCFB2D8-F84F-400B-8EA5-6A547EE44DBD}.Release|Any CPU.Build.0 = Release|Any CPU
		{489F5017-F122-44BB-BDA7-BD681C707BFF}.Debug|Any CPU.ActiveCfg = Debug|Any CPU
		{489F5017-F122-44BB-BDA7-BD681C707BFF}.Debug|Any CPU.Build.0 = Debug|Any CPU
		{489F5017-F122-44BB-BDA7-BD681C707BFF}.Release|Any CPU.ActiveCfg = Release|Any CPU
		{489F5017-F122-44BB-BDA7-BD681C707BFF}.Release|Any CPU.Build.0 = Release|Any CPU
		{7EB67299-360F-4FB7-B635-5E5A5643D7B6}.Debug|Any CPU.ActiveCfg = Debug|Any CPU
		{7EB67299-360F-4FB7-B635-5E5A5643D7B6}.Debug|Any CPU.Build.0 = Debug|Any CPU
		{7EB67299-360F-4FB7-B635-5E5A5643D7B6}.Release|Any CPU.ActiveCfg = Release|Any CPU
		{7EB67299-360F-4FB7-B635-5E5A5643D7B6}.Release|Any CPU.Build.0 = Release|Any CPU
		{193478E0-4490-4B03-A46B-258EC5563789}.Debug|Any CPU.ActiveCfg = Debug|Any CPU
		{193478E0-4490-4B03-A46B-258EC5563789}.Debug|Any CPU.Build.0 = Debug|Any CPU
		{193478E0-4490-4B03-A46B-258EC5563789}.Release|Any CPU.ActiveCfg = Release|Any CPU
		{193478E0-4490-4B03-A46B-258EC5563789}.Release|Any CPU.Build.0 = Release|Any CPU
		{4A20B22D-BD28-4F9C-BA88-1951DBA7C206}.Debug|Any CPU.ActiveCfg = Debug|Any CPU
		{4A20B22D-BD28-4F9C-BA88-1951DBA7C206}.Debug|Any CPU.Build.0 = Debug|Any CPU
		{4A20B22D-BD28-4F9C-BA88-1951DBA7C206}.Release|Any CPU.ActiveCfg = Release|Any CPU
		{4A20B22D-BD28-4F9C-BA88-1951DBA7C206}.Release|Any CPU.Build.0 = Release|Any CPU
	EndGlobalSection
	GlobalSection(SolutionProperties) = preSolution
		HideSolutionNode = FALSE
	EndGlobalSection
	GlobalSection(ExtensibilityGlobals) = postSolution
		SolutionGuid = {5B1A3B3E-DEFE-463E-99C5-30B60AFFB928}
	EndGlobalSection
EndGlobal
